// !$*UTF8*$!
{
	archiveVersion = 1;
	classes = {
	};
	objectVersion = 55;
	objects = {

/* Begin PBXBuildFile section */
		573CF0EF283B73DF00AEA091 /* AppDelegate.swift in Sources */ = {isa = PBXBuildFile; fileRef = 573CF0EE283B73DF00AEA091 /* AppDelegate.swift */; };
		573CF0F1283B73DF00AEA091 /* SceneDelegate.swift in Sources */ = {isa = PBXBuildFile; fileRef = 573CF0F0283B73DF00AEA091 /* SceneDelegate.swift */; };
		573CF0F3283B73DF00AEA091 /* ViewController.swift in Sources */ = {isa = PBXBuildFile; fileRef = 573CF0F2283B73DF00AEA091 /* ViewController.swift */; };
		573CF0F6283B73DF00AEA091 /* Main.storyboard in Resources */ = {isa = PBXBuildFile; fileRef = 573CF0F4283B73DF00AEA091 /* Main.storyboard */; };
		573CF0F8283B73E400AEA091 /* Assets.xcassets in Resources */ = {isa = PBXBuildFile; fileRef = 573CF0F7283B73E400AEA091 /* Assets.xcassets */; };
		573CF0FB283B73E500AEA091 /* LaunchScreen.storyboard in Resources */ = {isa = PBXBuildFile; fileRef = 573CF0F9283B73E500AEA091 /* LaunchScreen.storyboard */; };
		573CF106283B73E600AEA091 /* WalletTests.swift in Sources */ = {isa = PBXBuildFile; fileRef = 573CF105283B73E600AEA091 /* WalletTests.swift */; };
		573CF110283B73E700AEA091 /* WalletUITests.swift in Sources */ = {isa = PBXBuildFile; fileRef = 573CF10F283B73E700AEA091 /* WalletUITests.swift */; };
		573CF112283B73E700AEA091 /* WalletUITestsLaunchTests.swift in Sources */ = {isa = PBXBuildFile; fileRef = 573CF111283B73E700AEA091 /* WalletUITestsLaunchTests.swift */; };
		573CF132283BAE9D00AEA091 /* DataResponseError.swift in Sources */ = {isa = PBXBuildFile; fileRef = 573CF131283BAE9D00AEA091 /* DataResponseError.swift */; };
		573CF134283BAEDE00AEA091 /* HTTPURLResponse.swift in Sources */ = {isa = PBXBuildFile; fileRef = 573CF133283BAEDE00AEA091 /* HTTPURLResponse.swift */; };
		573CF138283BB09000AEA091 /* Result.swift in Sources */ = {isa = PBXBuildFile; fileRef = 573CF137283BB09000AEA091 /* Result.swift */; };
		573CF13A283BB0C100AEA091 /* WalletClient.swift in Sources */ = {isa = PBXBuildFile; fileRef = 573CF139283BB0C100AEA091 /* WalletClient.swift */; };
		573CF13C283BB15800AEA091 /* WalletResponse.swift in Sources */ = {isa = PBXBuildFile; fileRef = 573CF13B283BB15800AEA091 /* WalletResponse.swift */; };
		573CF13E283BB16700AEA091 /* WalletRequest.swift in Sources */ = {isa = PBXBuildFile; fileRef = 573CF13D283BB16700AEA091 /* WalletRequest.swift */; };
		573CF140283BB22500AEA091 /* Wallet.swift in Sources */ = {isa = PBXBuildFile; fileRef = 573CF13F283BB22500AEA091 /* Wallet.swift */; };
		573CF142283BB22F00AEA091 /* History.swift in Sources */ = {isa = PBXBuildFile; fileRef = 573CF141283BB22F00AEA091 /* History.swift */; };
		577EA519283BBB820086CDA4 /* HistoryResponse.swift in Sources */ = {isa = PBXBuildFile; fileRef = 577EA518283BBB820086CDA4 /* HistoryResponse.swift */; };
		577EA51B283BBD660086CDA4 /* WalletViewModel.swift in Sources */ = {isa = PBXBuildFile; fileRef = 577EA51A283BBD660086CDA4 /* WalletViewModel.swift */; };
		577EA51D283BBE9C0086CDA4 /* WalletViewController.swift in Sources */ = {isa = PBXBuildFile; fileRef = 577EA51C283BBE9C0086CDA4 /* WalletViewController.swift */; };
		577EA51F283BBEAD0086CDA4 /* HistoryDetailViewController.swift in Sources */ = {isa = PBXBuildFile; fileRef = 577EA51E283BBEAD0086CDA4 /* HistoryDetailViewController.swift */; };
		577EA521283BC5B00086CDA4 /* WalletTableViewCell.swift in Sources */ = {isa = PBXBuildFile; fileRef = 577EA520283BC5B00086CDA4 /* WalletTableViewCell.swift */; };
		577EA523283BC5BE0086CDA4 /* HistoryTableViewCell.swift in Sources */ = {isa = PBXBuildFile; fileRef = 577EA522283BC5BE0086CDA4 /* HistoryTableViewCell.swift */; };
/* End PBXBuildFile section */

/* Begin PBXContainerItemProxy section */
		573CF102283B73E600AEA091 /* PBXContainerItemProxy */ = {
			isa = PBXContainerItemProxy;
			containerPortal = 573CF0E3283B73DE00AEA091 /* Project object */;
			proxyType = 1;
			remoteGlobalIDString = 573CF0EA283B73DF00AEA091;
			remoteInfo = Wallet;
		};
		573CF10C283B73E600AEA091 /* PBXContainerItemProxy */ = {
			isa = PBXContainerItemProxy;
			containerPortal = 573CF0E3283B73DE00AEA091 /* Project object */;
			proxyType = 1;
			remoteGlobalIDString = 573CF0EA283B73DF00AEA091;
			remoteInfo = Wallet;
		};
/* End PBXContainerItemProxy section */

/* Begin PBXFileReference section */
		573CF0EB283B73DF00AEA091 /* Wallet.app */ = {isa = PBXFileReference; explicitFileType = wrapper.application; includeInIndex = 0; path = Wallet.app; sourceTree = BUILT_PRODUCTS_DIR; };
		573CF0EE283B73DF00AEA091 /* AppDelegate.swift */ = {isa = PBXFileReference; lastKnownFileType = sourcecode.swift; path = AppDelegate.swift; sourceTree = "<group>"; };
		573CF0F0283B73DF00AEA091 /* SceneDelegate.swift */ = {isa = PBXFileReference; lastKnownFileType = sourcecode.swift; path = SceneDelegate.swift; sourceTree = "<group>"; };
		573CF0F2283B73DF00AEA091 /* ViewController.swift */ = {isa = PBXFileReference; lastKnownFileType = sourcecode.swift; path = ViewController.swift; sourceTree = "<group>"; };
		573CF0F5283B73DF00AEA091 /* Base */ = {isa = PBXFileReference; lastKnownFileType = file.storyboard; name = Base; path = Base.lproj/Main.storyboard; sourceTree = "<group>"; };
		573CF0F7283B73E400AEA091 /* Assets.xcassets */ = {isa = PBXFileReference; lastKnownFileType = folder.assetcatalog; path = Assets.xcassets; sourceTree = "<group>"; };
		573CF0FA283B73E500AEA091 /* Base */ = {isa = PBXFileReference; lastKnownFileType = file.storyboard; name = Base; path = Base.lproj/LaunchScreen.storyboard; sourceTree = "<group>"; };
		573CF0FC283B73E600AEA091 /* Info.plist */ = {isa = PBXFileReference; lastKnownFileType = text.plist.xml; path = Info.plist; sourceTree = "<group>"; };
		573CF101283B73E600AEA091 /* WalletTests.xctest */ = {isa = PBXFileReference; explicitFileType = wrapper.cfbundle; includeInIndex = 0; path = WalletTests.xctest; sourceTree = BUILT_PRODUCTS_DIR; };
		573CF105283B73E600AEA091 /* WalletTests.swift */ = {isa = PBXFileReference; lastKnownFileType = sourcecode.swift; path = WalletTests.swift; sourceTree = "<group>"; };
		573CF10B283B73E600AEA091 /* WalletUITests.xctest */ = {isa = PBXFileReference; explicitFileType = wrapper.cfbundle; includeInIndex = 0; path = WalletUITests.xctest; sourceTree = BUILT_PRODUCTS_DIR; };
		573CF10F283B73E700AEA091 /* WalletUITests.swift */ = {isa = PBXFileReference; lastKnownFileType = sourcecode.swift; path = WalletUITests.swift; sourceTree = "<group>"; };
		573CF111283B73E700AEA091 /* WalletUITestsLaunchTests.swift */ = {isa = PBXFileReference; lastKnownFileType = sourcecode.swift; path = WalletUITestsLaunchTests.swift; sourceTree = "<group>"; };
		573CF131283BAE9D00AEA091 /* DataResponseError.swift */ = {isa = PBXFileReference; lastKnownFileType = sourcecode.swift; path = DataResponseError.swift; sourceTree = "<group>"; };
		573CF133283BAEDE00AEA091 /* HTTPURLResponse.swift */ = {isa = PBXFileReference; lastKnownFileType = sourcecode.swift; path = HTTPURLResponse.swift; sourceTree = "<group>"; };
		573CF137283BB09000AEA091 /* Result.swift */ = {isa = PBXFileReference; lastKnownFileType = sourcecode.swift; path = Result.swift; sourceTree = "<group>"; };
		573CF139283BB0C100AEA091 /* WalletClient.swift */ = {isa = PBXFileReference; lastKnownFileType = sourcecode.swift; path = WalletClient.swift; sourceTree = "<group>"; };
		573CF13B283BB15800AEA091 /* WalletResponse.swift */ = {isa = PBXFileReference; lastKnownFileType = sourcecode.swift; path = WalletResponse.swift; sourceTree = "<group>"; };
		573CF13D283BB16700AEA091 /* WalletRequest.swift */ = {isa = PBXFileReference; lastKnownFileType = sourcecode.swift; path = WalletRequest.swift; sourceTree = "<group>"; };
		573CF13F283BB22500AEA091 /* Wallet.swift */ = {isa = PBXFileReference; lastKnownFileType = sourcecode.swift; path = Wallet.swift; sourceTree = "<group>"; };
		573CF141283BB22F00AEA091 /* History.swift */ = {isa = PBXFileReference; lastKnownFileType = sourcecode.swift; path = History.swift; sourceTree = "<group>"; };
		577EA518283BBB820086CDA4 /* HistoryResponse.swift */ = {isa = PBXFileReference; lastKnownFileType = sourcecode.swift; path = HistoryResponse.swift; sourceTree = "<group>"; };
		577EA51A283BBD660086CDA4 /* WalletViewModel.swift */ = {isa = PBXFileReference; lastKnownFileType = sourcecode.swift; path = WalletViewModel.swift; sourceTree = "<group>"; };
		577EA51C283BBE9C0086CDA4 /* WalletViewController.swift */ = {isa = PBXFileReference; lastKnownFileType = sourcecode.swift; path = WalletViewController.swift; sourceTree = "<group>"; };
		577EA51E283BBEAD0086CDA4 /* HistoryDetailViewController.swift */ = {isa = PBXFileReference; lastKnownFileType = sourcecode.swift; path = HistoryDetailViewController.swift; sourceTree = "<group>"; };
		577EA520283BC5B00086CDA4 /* WalletTableViewCell.swift */ = {isa = PBXFileReference; lastKnownFileType = sourcecode.swift; path = WalletTableViewCell.swift; sourceTree = "<group>"; };
		577EA522283BC5BE0086CDA4 /* HistoryTableViewCell.swift */ = {isa = PBXFileReference; lastKnownFileType = sourcecode.swift; path = HistoryTableViewCell.swift; sourceTree = "<group>"; };
/* End PBXFileReference section */

/* Begin PBXFrameworksBuildPhase section */
		573CF0E8283B73DF00AEA091 /* Frameworks */ = {
			isa = PBXFrameworksBuildPhase;
			buildActionMask = 2147483647;
			files = (
			);
			runOnlyForDeploymentPostprocessing = 0;
		};
		573CF0FE283B73E600AEA091 /* Frameworks */ = {
			isa = PBXFrameworksBuildPhase;
			buildActionMask = 2147483647;
			files = (
			);
			runOnlyForDeploymentPostprocessing = 0;
		};
		573CF108283B73E600AEA091 /* Frameworks */ = {
			isa = PBXFrameworksBuildPhase;
			buildActionMask = 2147483647;
			files = (
			);
			runOnlyForDeploymentPostprocessing = 0;
		};
/* End PBXFrameworksBuildPhase section */

/* Begin PBXGroup section */
		573CF0E2283B73DE00AEA091 = {
			isa = PBXGroup;
			children = (
				573CF0ED283B73DF00AEA091 /* Wallet */,
				573CF104283B73E600AEA091 /* WalletTests */,
				573CF10E283B73E600AEA091 /* WalletUITests */,
				573CF0EC283B73DF00AEA091 /* Products */,
			);
			sourceTree = "<group>";
		};
		573CF0EC283B73DF00AEA091 /* Products */ = {
			isa = PBXGroup;
			children = (
				573CF0EB283B73DF00AEA091 /* Wallet.app */,
				573CF101283B73E600AEA091 /* WalletTests.xctest */,
				573CF10B283B73E600AEA091 /* WalletUITests.xctest */,
			);
			name = Products;
			sourceTree = "<group>";
		};
		573CF0ED283B73DF00AEA091 /* Wallet */ = {
			isa = PBXGroup;
			children = (
				573CF125283B74D300AEA091 /* Controllers */,
				573CF124283B74C800AEA091 /* Extensions */,
				573CF123283B74BF00AEA091 /* Models */,
				573CF122283B74B700AEA091 /* Networking */,
				573CF121283B74AF00AEA091 /* ViewModels */,
				573CF120283B749C00AEA091 /* Views */,
				573CF11F283B745A00AEA091 /* Resources */,
				573CF11E283B743C00AEA091 /* System */,
				573CF0F2283B73DF00AEA091 /* ViewController.swift */,
			);
			path = Wallet;
			sourceTree = "<group>";
		};
		573CF104283B73E600AEA091 /* WalletTests */ = {
			isa = PBXGroup;
			children = (
				573CF105283B73E600AEA091 /* WalletTests.swift */,
			);
			path = WalletTests;
			sourceTree = "<group>";
		};
		573CF10E283B73E600AEA091 /* WalletUITests */ = {
			isa = PBXGroup;
			children = (
				573CF10F283B73E700AEA091 /* WalletUITests.swift */,
				573CF111283B73E700AEA091 /* WalletUITestsLaunchTests.swift */,
			);
			path = WalletUITests;
			sourceTree = "<group>";
		};
		573CF11E283B743C00AEA091 /* System */ = {
			isa = PBXGroup;
			children = (
				573CF0F9283B73E500AEA091 /* LaunchScreen.storyboard */,
				573CF0EE283B73DF00AEA091 /* AppDelegate.swift */,
				573CF0F0283B73DF00AEA091 /* SceneDelegate.swift */,
			);
			path = System;
			sourceTree = "<group>";
		};
		573CF11F283B745A00AEA091 /* Resources */ = {
			isa = PBXGroup;
			children = (
				573CF0FC283B73E600AEA091 /* Info.plist */,
				573CF0F7283B73E400AEA091 /* Assets.xcassets */,
			);
			path = Resources;
			sourceTree = "<group>";
		};
		573CF120283B749C00AEA091 /* Views */ = {
			isa = PBXGroup;
			children = (
				573CF0F4283B73DF00AEA091 /* Main.storyboard */,
				577EA520283BC5B00086CDA4 /* WalletTableViewCell.swift */,
				577EA522283BC5BE0086CDA4 /* HistoryTableViewCell.swift */,
			);
			path = Views;
			sourceTree = "<group>";
		};
		573CF121283B74AF00AEA091 /* ViewModels */ = {
			isa = PBXGroup;
			children = (
				577EA51A283BBD660086CDA4 /* WalletViewModel.swift */,
			);
			path = ViewModels;
			sourceTree = "<group>";
		};
		573CF122283B74B700AEA091 /* Networking */ = {
			isa = PBXGroup;
			children = (
				573CF131283BAE9D00AEA091 /* DataResponseError.swift */,
				573CF137283BB09000AEA091 /* Result.swift */,
				573CF139283BB0C100AEA091 /* WalletClient.swift */,
				573CF13B283BB15800AEA091 /* WalletResponse.swift */,
				573CF13D283BB16700AEA091 /* WalletRequest.swift */,
				577EA518283BBB820086CDA4 /* HistoryResponse.swift */,
			);
			path = Networking;
			sourceTree = "<group>";
		};
		573CF123283B74BF00AEA091 /* Models */ = {
			isa = PBXGroup;
			children = (
				573CF13F283BB22500AEA091 /* Wallet.swift */,
				573CF141283BB22F00AEA091 /* History.swift */,
			);
			path = Models;
			sourceTree = "<group>";
		};
		573CF124283B74C800AEA091 /* Extensions */ = {
			isa = PBXGroup;
			children = (
				573CF133283BAEDE00AEA091 /* HTTPURLResponse.swift */,
			);
			path = Extensions;
			sourceTree = "<group>";
		};
		573CF125283B74D300AEA091 /* Controllers */ = {
			isa = PBXGroup;
			children = (
				577EA51C283BBE9C0086CDA4 /* WalletViewController.swift */,
				577EA51E283BBEAD0086CDA4 /* HistoryDetailViewController.swift */,
			);
			path = Controllers;
			sourceTree = "<group>";
		};
/* End PBXGroup section */

/* Begin PBXNativeTarget section */
		573CF0EA283B73DF00AEA091 /* Wallet */ = {
			isa = PBXNativeTarget;
			buildConfigurationList = 573CF115283B73E700AEA091 /* Build configuration list for PBXNativeTarget "Wallet" */;
			buildPhases = (
				573CF0E7283B73DF00AEA091 /* Sources */,
				573CF0E8283B73DF00AEA091 /* Frameworks */,
				573CF0E9283B73DF00AEA091 /* Resources */,
			);
			buildRules = (
			);
			dependencies = (
			);
			name = Wallet;
			productName = Wallet;
			productReference = 573CF0EB283B73DF00AEA091 /* Wallet.app */;
			productType = "com.apple.product-type.application";
		};
		573CF100283B73E600AEA091 /* WalletTests */ = {
			isa = PBXNativeTarget;
			buildConfigurationList = 573CF118283B73E700AEA091 /* Build configuration list for PBXNativeTarget "WalletTests" */;
			buildPhases = (
				573CF0FD283B73E600AEA091 /* Sources */,
				573CF0FE283B73E600AEA091 /* Frameworks */,
				573CF0FF283B73E600AEA091 /* Resources */,
			);
			buildRules = (
			);
			dependencies = (
				573CF103283B73E600AEA091 /* PBXTargetDependency */,
			);
			name = WalletTests;
			productName = WalletTests;
			productReference = 573CF101283B73E600AEA091 /* WalletTests.xctest */;
			productType = "com.apple.product-type.bundle.unit-test";
		};
		573CF10A283B73E600AEA091 /* WalletUITests */ = {
			isa = PBXNativeTarget;
			buildConfigurationList = 573CF11B283B73E700AEA091 /* Build configuration list for PBXNativeTarget "WalletUITests" */;
			buildPhases = (
				573CF107283B73E600AEA091 /* Sources */,
				573CF108283B73E600AEA091 /* Frameworks */,
				573CF109283B73E600AEA091 /* Resources */,
			);
			buildRules = (
			);
			dependencies = (
				573CF10D283B73E600AEA091 /* PBXTargetDependency */,
			);
			name = WalletUITests;
			productName = WalletUITests;
			productReference = 573CF10B283B73E600AEA091 /* WalletUITests.xctest */;
			productType = "com.apple.product-type.bundle.ui-testing";
		};
/* End PBXNativeTarget section */

/* Begin PBXProject section */
		573CF0E3283B73DE00AEA091 /* Project object */ = {
			isa = PBXProject;
			attributes = {
				BuildIndependentTargetsInParallel = 1;
				LastSwiftUpdateCheck = 1330;
				LastUpgradeCheck = 1330;
				TargetAttributes = {
					573CF0EA283B73DF00AEA091 = {
						CreatedOnToolsVersion = 13.3.1;
					};
					573CF100283B73E600AEA091 = {
						CreatedOnToolsVersion = 13.3.1;
						TestTargetID = 573CF0EA283B73DF00AEA091;
					};
					573CF10A283B73E600AEA091 = {
						CreatedOnToolsVersion = 13.3.1;
						TestTargetID = 573CF0EA283B73DF00AEA091;
					};
				};
			};
			buildConfigurationList = 573CF0E6283B73DE00AEA091 /* Build configuration list for PBXProject "Wallet" */;
			compatibilityVersion = "Xcode 13.0";
			developmentRegion = en;
			hasScannedForEncodings = 0;
			knownRegions = (
				en,
				Base,
			);
			mainGroup = 573CF0E2283B73DE00AEA091;
			productRefGroup = 573CF0EC283B73DF00AEA091 /* Products */;
			projectDirPath = "";
			projectRoot = "";
			targets = (
				573CF0EA283B73DF00AEA091 /* Wallet */,
				573CF100283B73E600AEA091 /* WalletTests */,
				573CF10A283B73E600AEA091 /* WalletUITests */,
			);
		};
/* End PBXProject section */

/* Begin PBXResourcesBuildPhase section */
		573CF0E9283B73DF00AEA091 /* Resources */ = {
			isa = PBXResourcesBuildPhase;
			buildActionMask = 2147483647;
			files = (
				573CF0FB283B73E500AEA091 /* LaunchScreen.storyboard in Resources */,
				573CF0F8283B73E400AEA091 /* Assets.xcassets in Resources */,
				573CF0F6283B73DF00AEA091 /* Main.storyboard in Resources */,
			);
			runOnlyForDeploymentPostprocessing = 0;
		};
		573CF0FF283B73E600AEA091 /* Resources */ = {
			isa = PBXResourcesBuildPhase;
			buildActionMask = 2147483647;
			files = (
			);
			runOnlyForDeploymentPostprocessing = 0;
		};
		573CF109283B73E600AEA091 /* Resources */ = {
			isa = PBXResourcesBuildPhase;
			buildActionMask = 2147483647;
			files = (
			);
			runOnlyForDeploymentPostprocessing = 0;
		};
/* End PBXResourcesBuildPhase section */

/* Begin PBXSourcesBuildPhase section */
		573CF0E7283B73DF00AEA091 /* Sources */ = {
			isa = PBXSourcesBuildPhase;
			buildActionMask = 2147483647;
			files = (
				577EA521283BC5B00086CDA4 /* WalletTableViewCell.swift in Sources */,
				573CF140283BB22500AEA091 /* Wallet.swift in Sources */,
				577EA519283BBB820086CDA4 /* HistoryResponse.swift in Sources */,
				577EA51B283BBD660086CDA4 /* WalletViewModel.swift in Sources */,
				573CF138283BB09000AEA091 /* Result.swift in Sources */,
				573CF0F3283B73DF00AEA091 /* ViewController.swift in Sources */,
				577EA51F283BBEAD0086CDA4 /* HistoryDetailViewController.swift in Sources */,
				573CF142283BB22F00AEA091 /* History.swift in Sources */,
				573CF132283BAE9D00AEA091 /* DataResponseError.swift in Sources */,
				577EA523283BC5BE0086CDA4 /* HistoryTableViewCell.swift in Sources */,
				573CF134283BAEDE00AEA091 /* HTTPURLResponse.swift in Sources */,
				573CF0EF283B73DF00AEA091 /* AppDelegate.swift in Sources */,
				577EA51D283BBE9C0086CDA4 /* WalletViewController.swift in Sources */,
				573CF13E283BB16700AEA091 /* WalletRequest.swift in Sources */,
				573CF0F1283B73DF00AEA091 /* SceneDelegate.swift in Sources */,
				573CF13A283BB0C100AEA091 /* WalletClient.swift in Sources */,
				573CF13C283BB15800AEA091 /* WalletResponse.swift in Sources */,
			);
			runOnlyForDeploymentPostprocessing = 0;
		};
		573CF0FD283B73E600AEA091 /* Sources */ = {
			isa = PBXSourcesBuildPhase;
			buildActionMask = 2147483647;
			files = (
				573CF106283B73E600AEA091 /* WalletTests.swift in Sources */,
			);
			runOnlyForDeploymentPostprocessing = 0;
		};
		573CF107283B73E600AEA091 /* Sources */ = {
			isa = PBXSourcesBuildPhase;
			buildActionMask = 2147483647;
			files = (
				573CF110283B73E700AEA091 /* WalletUITests.swift in Sources */,
				573CF112283B73E700AEA091 /* WalletUITestsLaunchTests.swift in Sources */,
			);
			runOnlyForDeploymentPostprocessing = 0;
		};
/* End PBXSourcesBuildPhase section */

/* Begin PBXTargetDependency section */
		573CF103283B73E600AEA091 /* PBXTargetDependency */ = {
			isa = PBXTargetDependency;
			target = 573CF0EA283B73DF00AEA091 /* Wallet */;
			targetProxy = 573CF102283B73E600AEA091 /* PBXContainerItemProxy */;
		};
		573CF10D283B73E600AEA091 /* PBXTargetDependency */ = {
			isa = PBXTargetDependency;
			target = 573CF0EA283B73DF00AEA091 /* Wallet */;
			targetProxy = 573CF10C283B73E600AEA091 /* PBXContainerItemProxy */;
		};
/* End PBXTargetDependency section */

/* Begin PBXVariantGroup section */
		573CF0F4283B73DF00AEA091 /* Main.storyboard */ = {
			isa = PBXVariantGroup;
			children = (
				573CF0F5283B73DF00AEA091 /* Base */,
			);
			name = Main.storyboard;
			sourceTree = "<group>";
		};
		573CF0F9283B73E500AEA091 /* LaunchScreen.storyboard */ = {
			isa = PBXVariantGroup;
			children = (
				573CF0FA283B73E500AEA091 /* Base */,
			);
			name = LaunchScreen.storyboard;
			sourceTree = "<group>";
		};
/* End PBXVariantGroup section */

/* Begin XCBuildConfiguration section */
		573CF113283B73E700AEA091 /* Debug */ = {
			isa = XCBuildConfiguration;
			buildSettings = {
				ALWAYS_SEARCH_USER_PATHS = NO;
				CLANG_ANALYZER_NONNULL = YES;
				CLANG_ANALYZER_NUMBER_OBJECT_CONVERSION = YES_AGGRESSIVE;
				CLANG_CXX_LANGUAGE_STANDARD = "gnu++17";
				CLANG_ENABLE_MODULES = YES;
				CLANG_ENABLE_OBJC_ARC = YES;
				CLANG_ENABLE_OBJC_WEAK = YES;
				CLANG_WARN_BLOCK_CAPTURE_AUTORELEASING = YES;
				CLANG_WARN_BOOL_CONVERSION = YES;
				CLANG_WARN_COMMA = YES;
				CLANG_WARN_CONSTANT_CONVERSION = YES;
				CLANG_WARN_DEPRECATED_OBJC_IMPLEMENTATIONS = YES;
				CLANG_WARN_DIRECT_OBJC_ISA_USAGE = YES_ERROR;
				CLANG_WARN_DOCUMENTATION_COMMENTS = YES;
				CLANG_WARN_EMPTY_BODY = YES;
				CLANG_WARN_ENUM_CONVERSION = YES;
				CLANG_WARN_INFINITE_RECURSION = YES;
				CLANG_WARN_INT_CONVERSION = YES;
				CLANG_WARN_NON_LITERAL_NULL_CONVERSION = YES;
				CLANG_WARN_OBJC_IMPLICIT_RETAIN_SELF = YES;
				CLANG_WARN_OBJC_LITERAL_CONVERSION = YES;
				CLANG_WARN_OBJC_ROOT_CLASS = YES_ERROR;
				CLANG_WARN_QUOTED_INCLUDE_IN_FRAMEWORK_HEADER = YES;
				CLANG_WARN_RANGE_LOOP_ANALYSIS = YES;
				CLANG_WARN_STRICT_PROTOTYPES = YES;
				CLANG_WARN_SUSPICIOUS_MOVE = YES;
				CLANG_WARN_UNGUARDED_AVAILABILITY = YES_AGGRESSIVE;
				CLANG_WARN_UNREACHABLE_CODE = YES;
				CLANG_WARN__DUPLICATE_METHOD_MATCH = YES;
				COPY_PHASE_STRIP = NO;
				DEBUG_INFORMATION_FORMAT = dwarf;
				ENABLE_STRICT_OBJC_MSGSEND = YES;
				ENABLE_TESTABILITY = YES;
				GCC_C_LANGUAGE_STANDARD = gnu11;
				GCC_DYNAMIC_NO_PIC = NO;
				GCC_NO_COMMON_BLOCKS = YES;
				GCC_OPTIMIZATION_LEVEL = 0;
				GCC_PREPROCESSOR_DEFINITIONS = (
					"DEBUG=1",
					"$(inherited)",
				);
				GCC_WARN_64_TO_32_BIT_CONVERSION = YES;
				GCC_WARN_ABOUT_RETURN_TYPE = YES_ERROR;
				GCC_WARN_UNDECLARED_SELECTOR = YES;
				GCC_WARN_UNINITIALIZED_AUTOS = YES_AGGRESSIVE;
				GCC_WARN_UNUSED_FUNCTION = YES;
				GCC_WARN_UNUSED_VARIABLE = YES;
				IPHONEOS_DEPLOYMENT_TARGET = 15.4;
				MTL_ENABLE_DEBUG_INFO = INCLUDE_SOURCE;
				MTL_FAST_MATH = YES;
				ONLY_ACTIVE_ARCH = YES;
				SDKROOT = iphoneos;
				SWIFT_ACTIVE_COMPILATION_CONDITIONS = DEBUG;
				SWIFT_OPTIMIZATION_LEVEL = "-Onone";
			};
			name = Debug;
		};
		573CF114283B73E700AEA091 /* Release */ = {
			isa = XCBuildConfiguration;
			buildSettings = {
				ALWAYS_SEARCH_USER_PATHS = NO;
				CLANG_ANALYZER_NONNULL = YES;
				CLANG_ANALYZER_NUMBER_OBJECT_CONVERSION = YES_AGGRESSIVE;
				CLANG_CXX_LANGUAGE_STANDARD = "gnu++17";
				CLANG_ENABLE_MODULES = YES;
				CLANG_ENABLE_OBJC_ARC = YES;
				CLANG_ENABLE_OBJC_WEAK = YES;
				CLANG_WARN_BLOCK_CAPTURE_AUTORELEASING = YES;
				CLANG_WARN_BOOL_CONVERSION = YES;
				CLANG_WARN_COMMA = YES;
				CLANG_WARN_CONSTANT_CONVERSION = YES;
				CLANG_WARN_DEPRECATED_OBJC_IMPLEMENTATIONS = YES;
				CLANG_WARN_DIRECT_OBJC_ISA_USAGE = YES_ERROR;
				CLANG_WARN_DOCUMENTATION_COMMENTS = YES;
				CLANG_WARN_EMPTY_BODY = YES;
				CLANG_WARN_ENUM_CONVERSION = YES;
				CLANG_WARN_INFINITE_RECURSION = YES;
				CLANG_WARN_INT_CONVERSION = YES;
				CLANG_WARN_NON_LITERAL_NULL_CONVERSION = YES;
				CLANG_WARN_OBJC_IMPLICIT_RETAIN_SELF = YES;
				CLANG_WARN_OBJC_LITERAL_CONVERSION = YES;
				CLANG_WARN_OBJC_ROOT_CLASS = YES_ERROR;
				CLANG_WARN_QUOTED_INCLUDE_IN_FRAMEWORK_HEADER = YES;
				CLANG_WARN_RANGE_LOOP_ANALYSIS = YES;
				CLANG_WARN_STRICT_PROTOTYPES = YES;
				CLANG_WARN_SUSPICIOUS_MOVE = YES;
				CLANG_WARN_UNGUARDED_AVAILABILITY = YES_AGGRESSIVE;
				CLANG_WARN_UNREACHABLE_CODE = YES;
				CLANG_WARN__DUPLICATE_METHOD_MATCH = YES;
				COPY_PHASE_STRIP = NO;
				DEBUG_INFORMATION_FORMAT = "dwarf-with-dsym";
				ENABLE_NS_ASSERTIONS = NO;
				ENABLE_STRICT_OBJC_MSGSEND = YES;
				GCC_C_LANGUAGE_STANDARD = gnu11;
				GCC_NO_COMMON_BLOCKS = YES;
				GCC_WARN_64_TO_32_BIT_CONVERSION = YES;
				GCC_WARN_ABOUT_RETURN_TYPE = YES_ERROR;
				GCC_WARN_UNDECLARED_SELECTOR = YES;
				GCC_WARN_UNINITIALIZED_AUTOS = YES_AGGRESSIVE;
				GCC_WARN_UNUSED_FUNCTION = YES;
				GCC_WARN_UNUSED_VARIABLE = YES;
				IPHONEOS_DEPLOYMENT_TARGET = 15.4;
				MTL_ENABLE_DEBUG_INFO = NO;
				MTL_FAST_MATH = YES;
				SDKROOT = iphoneos;
				SWIFT_COMPILATION_MODE = wholemodule;
				SWIFT_OPTIMIZATION_LEVEL = "-O";
				VALIDATE_PRODUCT = YES;
			};
			name = Release;
		};
		573CF116283B73E700AEA091 /* Debug */ = {
			isa = XCBuildConfiguration;
			buildSettings = {
				ASSETCATALOG_COMPILER_APPICON_NAME = AppIcon;
				ASSETCATALOG_COMPILER_GLOBAL_ACCENT_COLOR_NAME = AccentColor;
				CODE_SIGN_STYLE = Automatic;
				CURRENT_PROJECT_VERSION = 1;
				DEVELOPMENT_TEAM = KZX2XVPNG4;
				GENERATE_INFOPLIST_FILE = YES;
				INFOPLIST_FILE = Wallet/Resources/Info.plist;
				INFOPLIST_KEY_UIApplicationSupportsIndirectInputEvents = YES;
				INFOPLIST_KEY_UILaunchStoryboardName = LaunchScreen;
				INFOPLIST_KEY_UIMainStoryboardFile = Main;
				INFOPLIST_KEY_UISupportedInterfaceOrientations_iPad = "UIInterfaceOrientationPortrait UIInterfaceOrientationPortraitUpsideDown UIInterfaceOrientationLandscapeLeft UIInterfaceOrientationLandscapeRight";
				INFOPLIST_KEY_UISupportedInterfaceOrientations_iPhone = "UIInterfaceOrientationPortrait UIInterfaceOrientationLandscapeLeft UIInterfaceOrientationLandscapeRight";
				LD_RUNPATH_SEARCH_PATHS = (
					"$(inherited)",
					"@executable_path/Frameworks",
				);
				MARKETING_VERSION = 1.0;
				PRODUCT_BUNDLE_IDENTIFIER = com.yswang.Wallet;
				PRODUCT_NAME = "$(TARGET_NAME)";
				SWIFT_EMIT_LOC_STRINGS = YES;
				SWIFT_VERSION = 5.0;
				TARGETED_DEVICE_FAMILY = "1,2";
			};
			name = Debug;
		};
		573CF117283B73E700AEA091 /* Release */ = {
			isa = XCBuildConfiguration;
			buildSettings = {
				ASSETCATALOG_COMPILER_APPICON_NAME = AppIcon;
				ASSETCATALOG_COMPILER_GLOBAL_ACCENT_COLOR_NAME = AccentColor;
				CODE_SIGN_STYLE = Automatic;
				CURRENT_PROJECT_VERSION = 1;
				DEVELOPMENT_TEAM = KZX2XVPNG4;
				GENERATE_INFOPLIST_FILE = YES;
				INFOPLIST_FILE = Wallet/Resources/Info.plist;
				INFOPLIST_KEY_UIApplicationSupportsIndirectInputEvents = YES;
				INFOPLIST_KEY_UILaunchStoryboardName = LaunchScreen;
				INFOPLIST_KEY_UIMainStoryboardFile = Main;
				INFOPLIST_KEY_UISupportedInterfaceOrientations_iPad = "UIInterfaceOrientationPortrait UIInterfaceOrientationPortraitUpsideDown UIInterfaceOrientationLandscapeLeft UIInterfaceOrientationLandscapeRight";
				INFOPLIST_KEY_UISupportedInterfaceOrientations_iPhone = "UIInterfaceOrientationPortrait UIInterfaceOrientationLandscapeLeft UIInterfaceOrientationLandscapeRight";
				LD_RUNPATH_SEARCH_PATHS = (
					"$(inherited)",
					"@executable_path/Frameworks",
				);
				MARKETING_VERSION = 1.0;
				PRODUCT_BUNDLE_IDENTIFIER = com.yswang.Wallet;
				PRODUCT_NAME = "$(TARGET_NAME)";
				SWIFT_EMIT_LOC_STRINGS = YES;
				SWIFT_VERSION = 5.0;
				TARGETED_DEVICE_FAMILY = "1,2";
			};
			name = Release;
		};
		573CF119283B73E700AEA091 /* Debug */ = {
			isa = XCBuildConfiguration;
			buildSettings = {
				ALWAYS_EMBED_SWIFT_STANDARD_LIBRARIES = YES;
				BUNDLE_LOADER = "$(TEST_HOST)";
				CODE_SIGN_STYLE = Automatic;
				CURRENT_PROJECT_VERSION = 1;
				DEVELOPMENT_TEAM = KZX2XVPNG4;
				GENERATE_INFOPLIST_FILE = YES;
				IPHONEOS_DEPLOYMENT_TARGET = 15.4;
				MARKETING_VERSION = 1.0;
				PRODUCT_BUNDLE_IDENTIFIER = com.yswang.WalletTests;
				PRODUCT_NAME = "$(TARGET_NAME)";
				SWIFT_EMIT_LOC_STRINGS = NO;
				SWIFT_VERSION = 5.0;
				TARGETED_DEVICE_FAMILY = "1,2";
				TEST_HOST = "$(BUILT_PRODUCTS_DIR)/Wallet.app/Wallet";
			};
			name = Debug;
		};
		573CF11A283B73E700AEA091 /* Release */ = {
			isa = XCBuildConfiguration;
			buildSettings = {
				ALWAYS_EMBED_SWIFT_STANDARD_LIBRARIES = YES;
				BUNDLE_LOADER = "$(TEST_HOST)";
				CODE_SIGN_STYLE = Automatic;
				CURRENT_PROJECT_VERSION = 1;
				DEVELOPMENT_TEAM = KZX2XVPNG4;
				GENERATE_INFOPLIST_FILE = YES;
				IPHONEOS_DEPLOYMENT_TARGET = 15.4;
				MARKETING_VERSION = 1.0;
				PRODUCT_BUNDLE_IDENTIFIER = com.yswang.WalletTests;
				PRODUCT_NAME = "$(TARGET_NAME)";
				SWIFT_EMIT_LOC_STRINGS = NO;
				SWIFT_VERSION = 5.0;
				TARGETED_DEVICE_FAMILY = "1,2";
				TEST_HOST = "$(BUILT_PRODUCTS_DIR)/Wallet.app/Wallet";
			};
			name = Release;
		};
		573CF11C283B73E700AEA091 /* Debug */ = {
			isa = XCBuildConfiguration;
			buildSettings = {
				ALWAYS_EMBED_SWIFT_STANDARD_LIBRARIES = YES;
				CODE_SIGN_STYLE = Automatic;
				CURRENT_PROJECT_VERSION = 1;
				DEVELOPMENT_TEAM = KZX2XVPNG4;
				GENERATE_INFOPLIST_FILE = YES;
				MARKETING_VERSION = 1.0;
				PRODUCT_BUNDLE_IDENTIFIER = com.yswang.WalletUITests;
				PRODUCT_NAME = "$(TARGET_NAME)";
				SWIFT_EMIT_LOC_STRINGS = NO;
				SWIFT_VERSION = 5.0;
				TARGETED_DEVICE_FAMILY = "1,2";
				TEST_TARGET_NAME = Wallet;
			};
			name = Debug;
		};
		573CF11D283B73E700AEA091 /* Release */ = {
			isa = XCBuildConfiguration;
			buildSettings = {
				ALWAYS_EMBED_SWIFT_STANDARD_LIBRARIES = YES;
				CODE_SIGN_STYLE = Automatic;
				CURRENT_PROJECT_VERSION = 1;
				DEVELOPMENT_TEAM = KZX2XVPNG4;
				GENERATE_INFOPLIST_FILE = YES;
				MARKETING_VERSION = 1.0;
				PRODUCT_BUNDLE_IDENTIFIER = com.yswang.WalletUITests;
				PRODUCT_NAME = "$(TARGET_NAME)";
				SWIFT_EMIT_LOC_STRINGS = NO;
				SWIFT_VERSION = 5.0;
				TARGETED_DEVICE_FAMILY = "1,2";
				TEST_TARGET_NAME = Wallet;
			};
			name = Release;
		};
/* End XCBuildConfiguration section */

/* Begin XCConfigurationList section */
		573CF0E6283B73DE00AEA091 /* Build configuration list for PBXProject "Wallet" */ = {
			isa = XCConfigurationList;
			buildConfigurations = (
				573CF113283B73E700AEA091 /* Debug */,
				573CF114283B73E700AEA091 /* Release */,
			);
			defaultConfigurationIsVisible = 0;
			defaultConfigurationName = Release;
		};
		573CF115283B73E700AEA091 /* Build configuration list for PBXNativeTarget "Wallet" */ = {
			isa = XCConfigurationList;
			buildConfigurations = (
				573CF116283B73E700AEA091 /* Debug */,
				573CF117283B73E700AEA091 /* Release */,
			);
			defaultConfigurationIsVisible = 0;
			defaultConfigurationName = Release;
		};
		573CF118283B73E700AEA091 /* Build configuration list for PBXNativeTarget "WalletTests" */ = {
			isa = XCConfigurationList;
			buildConfigurations = (
				573CF119283B73E700AEA091 /* Debug */,
				573CF11A283B73E700AEA091 /* Release */,
			);
			defaultConfigurationIsVisible = 0;
			defaultConfigurationName = Release;
		};
		573CF11B283B73E700AEA091 /* Build configuration list for PBXNativeTarget "WalletUITests" */ = {
			isa = XCConfigurationList;
			buildConfigurations = (
				573CF11C283B73E700AEA091 /* Debug */,
				573CF11D283B73E700AEA091 /* Release */,
			);
			defaultConfigurationIsVisible = 0;
			defaultConfigurationName = Release;
		};
/* End XCConfigurationList section */
	};
	rootObject = 573CF0E3283B73DE00AEA091 /* Project object */;
}
